
Microsoft Visual Studio Solution File, Format Version 12.00
# Visual Studio Version 16
VisualStudioVersion = 16.0.31702.278
MinimumVisualStudioVersion = 10.0.40219.1
Project("{9A19103F-16F7-4668-BE54-9A1E7A4F7556}") = "AYZ8R9_HFT_2021221.Client", "AYZ8R9_HFT_2021221.Client\AYZ8R9_HFT_2021221.Client.csproj", "{E3A537C1-8E0C-47F6-8AE5-A4F1C14F4B1F}"
EndProject
Project("{9A19103F-16F7-4668-BE54-9A1E7A4F7556}") = "AYZ8R9_HFT_2021221.Models", "AYZ8R9_HFT_2021221.Models\AYZ8R9_HFT_2021221.Models.csproj", "{5A82667B-134C-49DB-81E2-27CB654CC111}"
EndProject
Project("{9A19103F-16F7-4668-BE54-9A1E7A4F7556}") = "AYZ8R9_HFT_2021221.Data", "AYZ8R9_HFT_2021221.Data\AYZ8R9_HFT_2021221.Data.csproj", "{AF7D2882-3259-4FF5-B217-8B2266B87359}"
EndProject
Project("{9A19103F-16F7-4668-BE54-9A1E7A4F7556}") = "AYZ8R9_HFT_2021221.Logic", "AYZ8R9_HFT_2021221.Logic\AYZ8R9_HFT_2021221.Logic.csproj", "{5CE7575B-EFFF-40B2-9470-9934A53BB139}"
EndProject
Project("{9A19103F-16F7-4668-BE54-9A1E7A4F7556}") = "AYZ8R9_HFT_2021221.Repository", "AYZ8R9_HFT_2021221.Repository\AYZ8R9_HFT_2021221.Repository.csproj", "{F1A2D3B3-F0E3-4928-9E86-9FB8E55BC64F}"
EndProject
Project("{9A19103F-16F7-4668-BE54-9A1E7A4F7556}") = "AYZ8R9_HFT_2021221.Endpoint", "AYZ8R9_HFT_2021221.Endpoint\AYZ8R9_HFT_2021221.Endpoint.csproj", "{2C82F403-C6DB-4614-A779-54B89AFD91F7}"
EndProject
Project("{9A19103F-16F7-4668-BE54-9A1E7A4F7556}") = "AYZ8R9_HFT_2021221.Test", "AYZ8R9_HFT_2021221.Test\AYZ8R9_HFT_2021221.Test.csproj", "{AE95DBEA-22A1-431E-B4A4-9003694CDF6A}"
EndProject
Project("{2150E333-8FDC-42A3-9474-1A3956D46DE8}") = "Backend", "Backend", "{9186FC04-D6D9-4AB8-A13B-7D375A47A08E}"
EndProject
Project("{2150E333-8FDC-42A3-9474-1A3956D46DE8}") = "Frontend", "Frontend", "{E98714BB-9478-45C5-BDCB-93AF1ED8021C}"
EndProject
Project("{2150E333-8FDC-42A3-9474-1A3956D46DE8}") = "Shared", "Shared", "{B756BA77-0977-432F-9D1E-55C61D3EACA6}"
EndProject
Project("{2150E333-8FDC-42A3-9474-1A3956D46DE8}") = "Others", "Others", "{19EC6525-EFAF-4F44-9D1E-80C89F8F3A05}"
	ProjectSection(SolutionItems) = preProject
		.gitignore = .gitignore
	EndProjectSection
EndProject
Project("{9A19103F-16F7-4668-BE54-9A1E7A4F7556}") = "AYZ8R9_HFT_20211221.WpfClient", "AYZ8R9_HFT_20211221.WpfClient\AYZ8R9_HFT_20211221.WpfClient.csproj", "{B78ABC35-F6EF-43B0-9C55-E4649FC4EF84}"
EndProject
Project("{FAE04EC0-301F-11D3-BF4B-00C04F79EFBC}") = "AYZ8R9_HFT_2021221.JSClient", "AYZ8R9_HFT_2021221.JSClient\AYZ8R9_HFT_2021221.JSClient.csproj", "{C585FCC8-3D70-42C3-863B-DB35A95EC5B9}"
EndProject
Global
	GlobalSection(SolutionConfigurationPlatforms) = preSolution
		Debug|Any CPU = Debug|Any CPU
		Release|Any CPU = Release|Any CPU
	EndGlobalSection
	GlobalSection(ProjectConfigurationPlatforms) = postSolution
		{E3A537C1-8E0C-47F6-8AE5-A4F1C14F4B1F}.Debug|Any CPU.ActiveCfg = Debug|Any CPU
		{E3A537C1-8E0C-47F6-8AE5-A4F1C14F4B1F}.Debug|Any CPU.Build.0 = Debug|Any CPU
		{E3A537C1-8E0C-47F6-8AE5-A4F1C14F4B1F}.Release|Any CPU.ActiveCfg = Release|Any CPU
		{E3A537C1-8E0C-47F6-8AE5-A4F1C14F4B1F}.Release|Any CPU.Build.0 = Release|Any CPU
		{5A82667B-134C-49DB-81E2-27CB654CC111}.Debug|Any CPU.ActiveCfg = Debug|Any CPU
		{5A82667B-134C-49DB-81E2-27CB654CC111}.Debug|Any CPU.Build.0 = Debug|Any CPU
		{5A82667B-134C-49DB-81E2-27CB654CC111}.Release|Any CPU.ActiveCfg = Release|Any CPU
		{5A82667B-134C-49DB-81E2-27CB654CC111}.Release|Any CPU.Build.0 = Release|Any CPU
		{AF7D2882-3259-4FF5-B217-8B2266B87359}.Debug|Any CPU.ActiveCfg = Debug|Any CPU
		{AF7D2882-3259-4FF5-B217-8B2266B87359}.Debug|Any CPU.Build.0 = Debug|Any CPU
		{AF7D2882-3259-4FF5-B217-8B2266B87359}.Release|Any CPU.ActiveCfg = Release|Any CPU
		{AF7D2882-3259-4FF5-B217-8B2266B87359}.Release|Any CPU.Build.0 = Release|Any CPU
		{5CE7575B-EFFF-40B2-9470-9934A53BB139}.Debug|Any CPU.ActiveCfg = Debug|Any CPU
		{5CE7575B-EFFF-40B2-9470-9934A53BB139}.Debug|Any CPU.Build.0 = Debug|Any CPU
		{5CE7575B-EFFF-40B2-9470-9934A53BB139}.Release|Any CPU.ActiveCfg = Release|Any CPU
		{5CE7575B-EFFF-40B2-9470-9934A53BB139}.Release|Any CPU.Build.0 = Release|Any CPU
		{F1A2D3B3-F0E3-4928-9E86-9FB8E55BC64F}.Debug|Any CPU.ActiveCfg = Debug|Any CPU
		{F1A2D3B3-F0E3-4928-9E86-9FB8E55BC64F}.Debug|Any CPU.Build.0 = Debug|Any CPU
		{F1A2D3B3-F0E3-4928-9E86-9FB8E55BC64F}.Release|Any CPU.ActiveCfg = Release|Any CPU
		{F1A2D3B3-F0E3-4928-9E86-9FB8E55BC64F}.Release|Any CPU.Build.0 = Release|Any CPU
		{2C82F403-C6DB-4614-A779-54B89AFD91F7}.Debug|Any CPU.ActiveCfg = Debug|Any CPU
		{2C82F403-C6DB-4614-A779-54B89AFD91F7}.Debug|Any CPU.Build.0 = Debug|Any CPU
		{2C82F403-C6DB-4614-A779-54B89AFD91F7}.Release|Any CPU.ActiveCfg = Release|Any CPU
		{2C82F403-C6DB-4614-A779-54B89AFD91F7}.Release|Any CPU.Build.0 = Release|Any CPU
		{AE95DBEA-22A1-431E-B4A4-9003694CDF6A}.Debug|Any CPU.ActiveCfg = Debug|Any CPU
		{AE95DBEA-22A1-431E-B4A4-9003694CDF6A}.Debug|Any CPU.Build.0 = Debug|Any CPU
		{AE95DBEA-22A1-431E-B4A4-9003694CDF6A}.Release|Any CPU.ActiveCfg = Release|Any CPU
		{AE95DBEA-22A1-431E-B4A4-9003694CDF6A}.Release|Any CPU.Build.0 = Release|Any CPU
		{B78ABC35-F6EF-43B0-9C55-E4649FC4EF84}.Debug|Any CPU.ActiveCfg = Debug|Any CPU
		{B78ABC35-F6EF-43B0-9C55-E4649FC4EF84}.Debug|Any CPU.Build.0 = Debug|Any CPU
		{B78ABC35-F6EF-43B0-9C55-E4649FC4EF84}.Release|Any CPU.ActiveCfg = Release|Any CPU
		{B78ABC35-F6EF-43B0-9C55-E4649FC4EF84}.Release|Any CPU.Build.0 = Release|Any CPU
		{C585FCC8-3D70-42C3-863B-DB35A95EC5B9}.Debug|Any CPU.ActiveCfg = Debug|Any CPU
		{C585FCC8-3D70-42C3-863B-DB35A95EC5B9}.Debug|Any CPU.Build.0 = Debug|Any CPU
		{C585FCC8-3D70-42C3-863B-DB35A95EC5B9}.Release|Any CPU.ActiveCfg = Release|Any CPU
		{C585FCC8-3D70-42C3-863B-DB35A95EC5B9}.Release|Any CPU.Build.0 = Release|Any CPU
	EndGlobalSection
	GlobalSection(SolutionProperties) = preSolution
		HideSolutionNode = FALSE
	EndGlobalSection
	GlobalSection(NestedProjects) = preSolution
		{E3A537C1-8E0C-47F6-8AE5-A4F1C14F4B1F} = {E98714BB-9478-45C5-BDCB-93AF1ED8021C}
		{5A82667B-134C-49DB-81E2-27CB654CC111} = {B756BA77-0977-432F-9D1E-55C61D3EACA6}
		{AF7D2882-3259-4FF5-B217-8B2266B87359} = {9186FC04-D6D9-4AB8-A13B-7D375A47A08E}
		{5CE7575B-EFFF-40B2-9470-9934A53BB139} = {9186FC04-D6D9-4AB8-A13B-7D375A47A08E}
		{F1A2D3B3-F0E3-4928-9E86-9FB8E55BC64F} = {9186FC04-D6D9-4AB8-A13B-7D375A47A08E}
		{2C82F403-C6DB-4614-A779-54B89AFD91F7} = {9186FC04-D6D9-4AB8-A13B-7D375A47A08E}
		{AE95DBEA-22A1-431E-B4A4-9003694CDF6A} = {9186FC04-D6D9-4AB8-A13B-7D375A47A08E}
		{B78ABC35-F6EF-43B0-9C55-E4649FC4EF84} = {E98714BB-9478-45C5-BDCB-93AF1ED8021C}
		{C585FCC8-3D70-42C3-863B-DB35A95EC5B9} = {E98714BB-9478-45C5-BDCB-93AF1ED8021C}
	EndGlobalSection
	GlobalSection(ExtensibilityGlobals) = postSolution
		SolutionGuid = {4D8B93C5-1165-4AA1-AF5D-63614217C406}
	EndGlobalSection
EndGlobal
